
Microsoft Visual Studio Solution File, Format Version 11.00
# Visual Studio 2010
Project("{FAE04EC0-301F-11D3-BF4B-00C04F79EFBC}") = "Assembly-CSharp", "Assembly-CSharp.csproj", "{6de289b4-de1b-0ead-0484-1aedfe9bdc48}"
EndProject
Project("{FAE04EC0-301F-11D3-BF4B-00C04F79EFBC}") = "Assembly-CSharp-firstpass", "Assembly-CSharp-firstpass.csproj", "{ae4d8950-3697-9ae0-123f-012cbe444c69}"
EndProject
Global
	GlobalSection(SolutionConfigurationPlatforms) = preSolution
		Debug|Any CPU = Debug|Any CPU
	EndGlobalSection
	GlobalSection(ProjectConfigurationPlatforms) = postSolution
		{6de289b4-de1b-0ead-0484-1aedfe9bdc48}.Debug|Any CPU.ActiveCfg = Debug|Any CPU
		{6de289b4-de1b-0ead-0484-1aedfe9bdc48}.Debug|Any CPU.Build.0 = Debug|Any CPU
		{ae4d8950-3697-9ae0-123f-012cbe444c69}.Debug|Any CPU.ActiveCfg = Debug|Any CPU
		{ae4d8950-3697-9ae0-123f-012cbe444c69}.Debug|Any CPU.Build.0 = Debug|Any CPU
	EndGlobalSection
	GlobalSection(SolutionProperties) = preSolution
		HideSolutionNode = FALSE
	EndGlobalSection
EndGlobal
